{
    "version": 3,
    "terraform_version": "0.11.13",
    "serial": 5,
    "lineage": "112f3d7e-9eba-bb20-21d9-a49c2a3ab44d",
    "modules": [
        {
            "path": [
                "root"
            ],
            "outputs": {
                "webhook_processor_host": {
                    "sensitive": false,
                    "type": "string",
                    "value": "ec2-18-144-69-172.us-west-1.compute.amazonaws.com"
                }
            },
            "resources": {
                "aws_instance.webhook_processor": {
                    "type": "aws_instance",
                    "depends_on": [],
                    "primary": {
                        "id": "i-07adef71c6a0f496b",
                        "attributes": {
                            "ami": "ami-040dfc3ebf1bfc4f6",
                            "arn": "arn:aws:ec2:us-west-1:115086172492:instance/i-07adef71c6a0f496b",
                            "associate_public_ip_address": "true",
                            "availability_zone": "us-west-1a",
                            "cpu_core_count": "1",
                            "cpu_threads_per_core": "1",
                            "credit_specification.#": "1",
                            "credit_specification.0.cpu_credits": "standard",
                            "disable_api_termination": "false",
                            "ebs_block_device.#": "0",
                            "ebs_optimized": "false",
                            "ephemeral_block_device.#": "0",
                            "get_password_data": "false",
                            "iam_instance_profile": "",
                            "id": "i-07adef71c6a0f496b",
                            "instance_state": "running",
                            "instance_type": "t2.micro",
                            "ipv6_address_count": "0",
                            "ipv6_addresses.#": "0",
                            "key_name": "",
                            "monitoring": "false",
                            "network_interface.#": "0",
                            "password_data": "",
                            "placement_group": "",
                            "primary_network_interface_id": "eni-0c1b47a7fc5ea6dd2",
                            "private_dns": "ip-172-31-19-175.us-west-1.compute.internal",
                            "private_ip": "172.31.19.175",
                            "public_dns": "ec2-18-144-69-172.us-west-1.compute.amazonaws.com",
                            "public_ip": "18.144.69.172",
                            "root_block_device.#": "1",
                            "root_block_device.0.delete_on_termination": "true",
                            "root_block_device.0.iops": "100",
                            "root_block_device.0.volume_id": "vol-063143ddbb7488933",
                            "root_block_device.0.volume_size": "8",
                            "root_block_device.0.volume_type": "gp2",
                            "security_groups.#": "1",
                            "security_groups.3814588639": "default",
                            "source_dest_check": "true",
                            "subnet_id": "subnet-09978e6e",
                            "tags.%": "0",
                            "tenancy": "default",
                            "volume_tags.%": "0",
                            "vpc_security_group_ids.#": "1",
                            "vpc_security_group_ids.1270618812": "sg-246b3a5f"
                        },
                        "meta": {
                            "e2bfb730-ecaa-11e6-8f88-34363bc7c4c0": {
                                "create": 600000000000,
                                "delete": 1200000000000,
                                "update": 600000000000
                            },
                            "schema_version": "1"
                        },
                        "tainted": false
                    },
                    "deposed": [],
                    "provider": "provider.aws"
                }
            },
            "depends_on": []
        }
    ]
}
