{
  "version": 4,
  "terraform_version": "0.12.24",
  "serial": 47,
  "lineage": "112f3d7e-9eba-bb20-21d9-a49c2a3ab44d",
  "outputs": {
    "webhook_processor_host": {
      "value": "ec2-54-67-44-99.us-west-1.compute.amazonaws.com",
      "type": "string"
    }
  },
  "resources": [
    {
      "mode": "managed",
      "type": "aws_instance",
      "name": "webhook_processor",
      "provider": "provider.aws",
      "instances": [
        {
          "schema_version": 1,
          "attributes": {
            "ami": "ami-0e4ae7403dc481431",
            "arn": "arn:aws:ec2:us-west-1:115086172492:instance/i-06b34ebab57545aca",
            "associate_public_ip_address": true,
            "availability_zone": "us-west-1c",
            "cpu_core_count": 1,
            "cpu_threads_per_core": 1,
            "credit_specification": [
              {
                "cpu_credits": "standard"
              }
            ],
            "disable_api_termination": false,
            "ebs_block_device": [],
            "ebs_optimized": false,
            "ephemeral_block_device": [],
            "get_password_data": false,
            "hibernation": false,
            "host_id": null,
            "iam_instance_profile": "",
            "id": "i-06b34ebab57545aca",
            "instance_initiated_shutdown_behavior": null,
            "instance_state": "running",
            "instance_type": "t2.micro",
            "ipv6_address_count": 0,
            "ipv6_addresses": [],
            "key_name": "webhook_processor_deploy",
            "metadata_options": [
              {
                "http_endpoint": "enabled",
                "http_put_response_hop_limit": 1,
                "http_tokens": "optional"
              }
            ],
            "monitoring": false,
            "network_interface": [],
            "network_interface_id": null,
            "password_data": "",
            "placement_group": "",
            "primary_network_interface_id": "eni-08d980f78cc8227bd",
            "private_dns": "ip-172-31-13-190.us-west-1.compute.internal",
            "private_ip": "172.31.13.190",
            "public_dns": "ec2-54-67-44-99.us-west-1.compute.amazonaws.com",
            "public_ip": "54.67.44.99",
            "root_block_device": [
              {
                "delete_on_termination": true,
                "encrypted": false,
                "iops": 100,
                "kms_key_id": "",
                "volume_id": "vol-00cd6ab3bc9f1dcf6",
                "volume_size": 8,
                "volume_type": "gp2"
              }
            ],
            "security_groups": [
              "allow-all-sg"
            ],
            "source_dest_check": true,
            "subnet_id": "subnet-ccd1e497",
            "tags": {},
            "tenancy": "default",
            "timeouts": null,
            "user_data": null,
            "user_data_base64": null,
            "volume_tags": {},
            "vpc_security_group_ids": [
              "sg-0f34d736782b3d243"
            ]
          },
          "private": "eyJlMmJmYjczMC1lY2FhLTExZTYtOGY4OC0zNDM2M2JjN2M0YzAiOnsiY3JlYXRlIjo2MDAwMDAwMDAwMDAsImRlbGV0ZSI6MTIwMDAwMDAwMDAwMCwidXBkYXRlIjo2MDAwMDAwMDAwMDB9LCJzY2hlbWFfdmVyc2lvbiI6IjEifQ==",
          "dependencies": [
            "aws_key_pair.webhook_processor_kp",
            "aws_security_group.webhook_processor_sg"
          ]
        }
      ]
    },
    {
      "mode": "managed",
      "type": "aws_key_pair",
      "name": "webhook_processor_kp",
      "provider": "provider.aws",
      "instances": [
        {
          "schema_version": 1,
          "attributes": {
            "fingerprint": "a5:c0:fe:5f:9a:72:b8:8e:78:f3:47:80:1c:d5:76:00",
            "id": "webhook_processor_deploy",
            "key_name": "webhook_processor_deploy",
            "key_name_prefix": null,
            "key_pair_id": "key-03702f8bda629b4e6",
            "public_key": "ssh-rsa AAAAB3NzaC1yc2EAAAADAQABAAABgQC59CxYPYxwnGQ64q204JaG5O6FYPEF/XC/mZhN2Cp9kgTeLy22dd2yQQMvbcTcprlOMGfZkDSkn3nuvGdWE4Es95LRxYegXmAg7aB/9d7TngVNsYj/Z/vEiGSjNqZ6qOVJxZpBGRkr0bBP7ci5PH5lfmHTbDiFJ3o0YBRpOo7v++CBCf3plUYh3ZsS7wxXGMuMghbJQtNlPbJaLJDSAlvp6clhxj0bWzE3vwdFzb85pWe+8ytEsZxJinba1uBk9t5yiuIylVbzBn9dArjqij13NIGlMcfqNpmn8nf4lDkKBfwCRrN7oOL+AQlxLW+wH6OHT1ePRXqDo1x2RNj3TRm3ys79DU75H8rG+1+CZiXtVIM+kTh/vIZ4HQxxBZRoPI9C7LmtSOp2xTZXefg7R+dNJc4OJYUUvX+1qMcVsHAHECehY8jOgOe95zXrqapNM+0T0KorFy0TXtURUPP2EFQR4jUaTdyQiZG8CBdYzLRKf68nLrWpnposWx/wdTOaYCk= jonlunsford@Jons-MacBook-Pro-3.local",
            "tags": {}
          },
          "private": "eyJzY2hlbWFfdmVyc2lvbiI6IjEifQ=="
        }
      ]
    },
    {
      "mode": "managed",
      "type": "aws_security_group",
      "name": "webhook_processor_sg",
      "provider": "provider.aws",
      "instances": [
        {
          "schema_version": 1,
          "attributes": {
            "arn": "arn:aws:ec2:us-west-1:115086172492:security-group/sg-0f34d736782b3d243",
            "description": "Allow all inbound ssh+http traffic",
            "egress": [
              {
                "cidr_blocks": [
                  "0.0.0.0/0"
                ],
                "description": "",
                "from_port": 0,
                "ipv6_cidr_blocks": [],
                "prefix_list_ids": [],
                "protocol": "-1",
                "security_groups": [],
                "self": false,
                "to_port": 0
              }
            ],
            "id": "sg-0f34d736782b3d243",
            "ingress": [
              {
                "cidr_blocks": [
                  "0.0.0.0/0"
                ],
                "description": "",
                "from_port": 22,
                "ipv6_cidr_blocks": [],
                "prefix_list_ids": [],
                "protocol": "tcp",
                "security_groups": [],
                "self": false,
                "to_port": 22
              },
              {
                "cidr_blocks": [
                  "0.0.0.0/0"
                ],
                "description": "",
                "from_port": 80,
                "ipv6_cidr_blocks": [],
                "prefix_list_ids": [],
                "protocol": "tcp",
                "security_groups": [],
                "self": false,
                "to_port": 80
              }
            ],
            "name": "allow-all-sg",
            "name_prefix": null,
            "owner_id": "115086172492",
            "revoke_rules_on_delete": false,
            "tags": {},
            "timeouts": null,
            "vpc_id": "vpc-15a78972"
          },
          "private": "eyJlMmJmYjczMC1lY2FhLTExZTYtOGY4OC0zNDM2M2JjN2M0YzAiOnsiY3JlYXRlIjo2MDAwMDAwMDAwMDAsImRlbGV0ZSI6NjAwMDAwMDAwMDAwfSwic2NoZW1hX3ZlcnNpb24iOiIxIn0="
        }
      ]
    }
  ]
}
